// !$*UTF8*$!
{
	archiveVersion = 1;
	classes = {
	};
	objectVersion = 77;
	objects = {

/* Begin PBXBuildFile section */
		002D3AD1565C206B5BB3683F /* V2ConfigurationStore.swift in Sources */ = {isa = PBXBuildFile; fileRef = 61D5893CD1498A110E81BC2E /* V2ConfigurationStore.swift */; };
		0473B94051245FC271CD831A /* RootView.swift in Sources */ = {isa = PBXBuildFile; fileRef = 960D6B867899A1165B535BB9 /* RootView.swift */; };
		0534370D63CFBAA9BBBA6F8C /* SecurityScopedFolderGrantStoreTests.swift in Sources */ = {isa = PBXBuildFile; fileRef = 77AF9BD31FD7535F22C823C7 /* SecurityScopedFolderGrantStoreTests.swift */; };
		0ECE6BAE18DA020BEBA6C070 /* V2Constants.swift in Sources */ = {isa = PBXBuildFile; fileRef = C65A2E54771E068D7BD23457 /* V2Constants.swift */; };
		12FF435E7C1D76A7759DB11F /* OnboardingView.swift in Sources */ = {isa = PBXBuildFile; fileRef = F1B220494AE56BB44C06505B /* OnboardingView.swift */; };
		1510CA375F0AE31E0984063C /* SettingsView.swift in Sources */ = {isa = PBXBuildFile; fileRef = 440FA24A53360C1C890E71F0 /* SettingsView.swift */; };
		290BF7FB32DD177F590431D7 /* ActionRequestV2Tests.swift in Sources */ = {isa = PBXBuildFile; fileRef = 60543F00608E95A437637CF4 /* ActionRequestV2Tests.swift */; };
		2DF746FC75B8DD819493CB02 /* ContextResolver.swift in Sources */ = {isa = PBXBuildFile; fileRef = C0D76FA53C587B1F687CDF04 /* ContextResolver.swift */; };
		32462CCCEC3F153EFDB195A3 /* AppCommandConsumer.swift in Sources */ = {isa = PBXBuildFile; fileRef = CE84ECAB108132F65C5726AA /* AppCommandConsumer.swift */; };
		3440C9941DA234A35C21C75F /* ProductModelsV2Tests.swift in Sources */ = {isa = PBXBuildFile; fileRef = 1023900EDB1B1C4E3A8919DC /* ProductModelsV2Tests.swift */; };
		446EC16537691B30479799B4 /* FinderSync.swift in Sources */ = {isa = PBXBuildFile; fileRef = 2F9AFD75A0D38D2A51FD2AC3 /* FinderSync.swift */; };
		4475482B982533DE92656121 /* ActionRequestStore.swift in Sources */ = {isa = PBXBuildFile; fileRef = 60D60D01FC213AD8FB0CCAE8 /* ActionRequestStore.swift */; };
		506FC0B93180DC3C51AD2BC5 /* AppCoordinator.swift in Sources */ = {isa = PBXBuildFile; fileRef = 7E2DE82F59BAE0C0A0F6A72B /* AppCoordinator.swift */; };
		5275D094A29B995D139FC728 /* SecurityScopedFolderGrantStore.swift in Sources */ = {isa = PBXBuildFile; fileRef = 146770DD19564DD5222416CC /* SecurityScopedFolderGrantStore.swift */; };
		537F5A8E28E086FDDC232F9A /* App.swift in Sources */ = {isa = PBXBuildFile; fileRef = D621ABC6C36FBCE6A985B879 /* App.swift */; };
		53974E618C63CB7391AA6ECF /* SafeFileCreation.swift in Sources */ = {isa = PBXBuildFile; fileRef = 01613F22FE5A24215DDAFC8E /* SafeFileCreation.swift */; };
		560B2F8D62AA8F056B2A9949 /* ActionRequestStore.swift in Sources */ = {isa = PBXBuildFile; fileRef = 60D60D01FC213AD8FB0CCAE8 /* ActionRequestStore.swift */; };
		5AB3839659DAFF1A9E7AC761 /* V2Constants.swift in Sources */ = {isa = PBXBuildFile; fileRef = C65A2E54771E068D7BD23457 /* V2Constants.swift */; };
		6B3DCC23B23DB00C32A1EE2A /* FinderSyncActionContractTests.swift in Sources */ = {isa = PBXBuildFile; fileRef = 0DBA2D73DD190E9A3FB61DAF /* FinderSyncActionContractTests.swift */; };
		7504D9FD271F994DC1E7BEB1 /* ProductModels.swift in Sources */ = {isa = PBXBuildFile; fileRef = CA674EA4663C932B6487162B /* ProductModels.swift */; };
		800E99AF010D29042B0C145B /* ActionRequest.swift in Sources */ = {isa = PBXBuildFile; fileRef = 6F2BF0D883BB82E4F222B18F /* ActionRequest.swift */; };
		80A17D26B828E9099DDB1673 /* ContextResolverV2Tests.swift in Sources */ = {isa = PBXBuildFile; fileRef = 3FCB733A63D32EC442B0F3D8 /* ContextResolverV2Tests.swift */; };
		83EF02BEE2AB52E49021AD59 /* V2ConfigurationStore.swift in Sources */ = {isa = PBXBuildFile; fileRef = 61D5893CD1498A110E81BC2E /* V2ConfigurationStore.swift */; };
		8A24CC1142A0A2B3608E4AF3 /* NewFilePanel.swift in Sources */ = {isa = PBXBuildFile; fileRef = 6F2E7C864098585F0618B22E /* NewFilePanel.swift */; };
		978446F7749FBA7B48550CF5 /* ApplicationCatalog.swift in Sources */ = {isa = PBXBuildFile; fileRef = B8D03F0B898BC9284DC9EEFD /* ApplicationCatalog.swift */; };
		9F706E83AD326465E689AF0F /* V2Presentation.swift in Sources */ = {isa = PBXBuildFile; fileRef = 861618ECF46ADCF5A5CCD913 /* V2Presentation.swift */; };
		A2EC84901FB9A76FBF38A04E /* NativeApplicationLauncher.swift in Sources */ = {isa = PBXBuildFile; fileRef = 63541EE779D468BAA5640838 /* NativeApplicationLauncher.swift */; };
		A4B11C4F26B7B1CD4B5CD291 /* FinderExtension.appex in Embed Foundation Extensions */ = {isa = PBXBuildFile; fileRef = 7A09F14861A9B665C597C04A /* FinderExtension.appex */; settings = {ATTRIBUTES = (RemoveHeadersOnCopy, ); }; };
		AAAAF0937E5A94FB4D366FEA /* SafeFileCreationV2Tests.swift in Sources */ = {isa = PBXBuildFile; fileRef = DED6EE2F13EEB695CCD9612C /* SafeFileCreationV2Tests.swift */; };
		BAF61E8A5497FB49844E03B9 /* ProductModels.swift in Sources */ = {isa = PBXBuildFile; fileRef = CA674EA4663C932B6487162B /* ProductModels.swift */; };
		BEC4DD7D34905F524DB261D7 /* ContextResolver.swift in Sources */ = {isa = PBXBuildFile; fileRef = C0D76FA53C587B1F687CDF04 /* ContextResolver.swift */; };
		D269679FC816211D75EFCE5B /* Assets.xcassets in Resources */ = {isa = PBXBuildFile; fileRef = 57702B3E48AF193DD412BD5B /* Assets.xcassets */; };
		DFE3454D70634EF80DE18A91 /* ActionRequest.swift in Sources */ = {isa = PBXBuildFile; fileRef = 6F2BF0D883BB82E4F222B18F /* ActionRequest.swift */; };
		FA81AF15497041D20D15A33E /* IntegrationHealthService.swift in Sources */ = {isa = PBXBuildFile; fileRef = AD58508AA69515D530DEB54B /* IntegrationHealthService.swift */; };
/* End PBXBuildFile section */

/* Begin PBXContainerItemProxy section */
		2586D7F614E5FDCCC8E655C1 /* PBXContainerItemProxy */ = {
			isa = PBXContainerItemProxy;
			containerPortal = 21E39FB2778F8B6E075F38CA /* Project object */;
			proxyType = 1;
			remoteGlobalIDString = 2B2B7968668A1FDB71532868;
			remoteInfo = RightMenuMaster;
		};
		A55B36B31422C5A111C55EFE /* PBXContainerItemProxy */ = {
			isa = PBXContainerItemProxy;
			containerPortal = 21E39FB2778F8B6E075F38CA /* Project object */;
			proxyType = 1;
			remoteGlobalIDString = B6BB3709801B92583B5CFAF4;
			remoteInfo = FinderExtension;
		};
/* End PBXContainerItemProxy section */

/* Begin PBXCopyFilesBuildPhase section */
		83DA60EA72CC1C544BFD8542 /* Embed Foundation Extensions */ = {
			isa = PBXCopyFilesBuildPhase;
			buildActionMask = 2147483647;
			dstPath = "";
			dstSubfolderSpec = 13;
			files = (
				A4B11C4F26B7B1CD4B5CD291 /* FinderExtension.appex in Embed Foundation Extensions */,
			);
			name = "Embed Foundation Extensions";
			runOnlyForDeploymentPostprocessing = 0;
		};
/* End PBXCopyFilesBuildPhase section */

/* Begin PBXFileReference section */
		013A344BAA856F87549A3892 /* RightMenuMaster.app */ = {isa = PBXFileReference; explicitFileType = wrapper.application; includeInIndex = 0; path = RightMenuMaster.app; sourceTree = BUILT_PRODUCTS_DIR; };
		01613F22FE5A24215DDAFC8E /* SafeFileCreation.swift */ = {isa = PBXFileReference; lastKnownFileType = sourcecode.swift; path = SafeFileCreation.swift; sourceTree = "<group>"; };
		0DBA2D73DD190E9A3FB61DAF /* FinderSyncActionContractTests.swift */ = {isa = PBXFileReference; lastKnownFileType = sourcecode.swift; path = FinderSyncActionContractTests.swift; sourceTree = "<group>"; };
		1023900EDB1B1C4E3A8919DC /* ProductModelsV2Tests.swift */ = {isa = PBXFileReference; lastKnownFileType = sourcecode.swift; path = ProductModelsV2Tests.swift; sourceTree = "<group>"; };
		146770DD19564DD5222416CC /* SecurityScopedFolderGrantStore.swift */ = {isa = PBXFileReference; lastKnownFileType = sourcecode.swift; path = SecurityScopedFolderGrantStore.swift; sourceTree = "<group>"; };
		2A862C4D93480227A65B120F /* RightMenuMasterTests.xctest */ = {isa = PBXFileReference; explicitFileType = wrapper.cfbundle; includeInIndex = 0; path = RightMenuMasterTests.xctest; sourceTree = BUILT_PRODUCTS_DIR; };
		2F9AFD75A0D38D2A51FD2AC3 /* FinderSync.swift */ = {isa = PBXFileReference; lastKnownFileType = sourcecode.swift; path = FinderSync.swift; sourceTree = "<group>"; };
		3FCB733A63D32EC442B0F3D8 /* ContextResolverV2Tests.swift */ = {isa = PBXFileReference; lastKnownFileType = sourcecode.swift; path = ContextResolverV2Tests.swift; sourceTree = "<group>"; };
		440FA24A53360C1C890E71F0 /* SettingsView.swift */ = {isa = PBXFileReference; lastKnownFileType = sourcecode.swift; path = SettingsView.swift; sourceTree = "<group>"; };
		57702B3E48AF193DD412BD5B /* Assets.xcassets */ = {isa = PBXFileReference; lastKnownFileType = folder.assetcatalog; path = Assets.xcassets; sourceTree = "<group>"; };
		60543F00608E95A437637CF4 /* ActionRequestV2Tests.swift */ = {isa = PBXFileReference; lastKnownFileType = sourcecode.swift; path = ActionRequestV2Tests.swift; sourceTree = "<group>"; };
		60D60D01FC213AD8FB0CCAE8 /* ActionRequestStore.swift */ = {isa = PBXFileReference; lastKnownFileType = sourcecode.swift; path = ActionRequestStore.swift; sourceTree = "<group>"; };
		61D5893CD1498A110E81BC2E /* V2ConfigurationStore.swift */ = {isa = PBXFileReference; lastKnownFileType = sourcecode.swift; path = V2ConfigurationStore.swift; sourceTree = "<group>"; };
		63541EE779D468BAA5640838 /* NativeApplicationLauncher.swift */ = {isa = PBXFileReference; lastKnownFileType = sourcecode.swift; path = NativeApplicationLauncher.swift; sourceTree = "<group>"; };
		6F2BF0D883BB82E4F222B18F /* ActionRequest.swift */ = {isa = PBXFileReference; lastKnownFileType = sourcecode.swift; path = ActionRequest.swift; sourceTree = "<group>"; };
		6F2E7C864098585F0618B22E /* NewFilePanel.swift */ = {isa = PBXFileReference; lastKnownFileType = sourcecode.swift; path = NewFilePanel.swift; sourceTree = "<group>"; };
		77AF9BD31FD7535F22C823C7 /* SecurityScopedFolderGrantStoreTests.swift */ = {isa = PBXFileReference; lastKnownFileType = sourcecode.swift; path = SecurityScopedFolderGrantStoreTests.swift; sourceTree = "<group>"; };
		7A09F14861A9B665C597C04A /* FinderExtension.appex */ = {isa = PBXFileReference; explicitFileType = "wrapper.app-extension"; includeInIndex = 0; path = FinderExtension.appex; sourceTree = BUILT_PRODUCTS_DIR; };
		7E2DE82F59BAE0C0A0F6A72B /* AppCoordinator.swift */ = {isa = PBXFileReference; lastKnownFileType = sourcecode.swift; path = AppCoordinator.swift; sourceTree = "<group>"; };
		861618ECF46ADCF5A5CCD913 /* V2Presentation.swift */ = {isa = PBXFileReference; lastKnownFileType = sourcecode.swift; path = V2Presentation.swift; sourceTree = "<group>"; };
		960D6B867899A1165B535BB9 /* RootView.swift */ = {isa = PBXFileReference; lastKnownFileType = sourcecode.swift; path = RootView.swift; sourceTree = "<group>"; };
		AD58508AA69515D530DEB54B /* IntegrationHealthService.swift */ = {isa = PBXFileReference; lastKnownFileType = sourcecode.swift; path = IntegrationHealthService.swift; sourceTree = "<group>"; };
		B8D03F0B898BC9284DC9EEFD /* ApplicationCatalog.swift */ = {isa = PBXFileReference; lastKnownFileType = sourcecode.swift; path = ApplicationCatalog.swift; sourceTree = "<group>"; };
		C0D76FA53C587B1F687CDF04 /* ContextResolver.swift */ = {isa = PBXFileReference; lastKnownFileType = sourcecode.swift; path = ContextResolver.swift; sourceTree = "<group>"; };
		C65A2E54771E068D7BD23457 /* V2Constants.swift */ = {isa = PBXFileReference; lastKnownFileType = sourcecode.swift; path = V2Constants.swift; sourceTree = "<group>"; };
		C8D31EDB7CAA5A8039A438D4 /* RightMenuMaster.entitlements */ = {isa = PBXFileReference; lastKnownFileType = text.plist.entitlements; path = RightMenuMaster.entitlements; sourceTree = "<group>"; };
		CA674EA4663C932B6487162B /* ProductModels.swift */ = {isa = PBXFileReference; lastKnownFileType = sourcecode.swift; path = ProductModels.swift; sourceTree = "<group>"; };
		CE84ECAB108132F65C5726AA /* AppCommandConsumer.swift */ = {isa = PBXFileReference; lastKnownFileType = sourcecode.swift; path = AppCommandConsumer.swift; sourceTree = "<group>"; };
		D621ABC6C36FBCE6A985B879 /* App.swift */ = {isa = PBXFileReference; lastKnownFileType = sourcecode.swift; path = App.swift; sourceTree = "<group>"; };
		DED6EE2F13EEB695CCD9612C /* SafeFileCreationV2Tests.swift */ = {isa = PBXFileReference; lastKnownFileType = sourcecode.swift; path = SafeFileCreationV2Tests.swift; sourceTree = "<group>"; };
		E52802E8A01DACF739F77887 /* Info.plist */ = {isa = PBXFileReference; lastKnownFileType = text.plist; path = Info.plist; sourceTree = "<group>"; };
		F1B220494AE56BB44C06505B /* OnboardingView.swift */ = {isa = PBXFileReference; lastKnownFileType = sourcecode.swift; path = OnboardingView.swift; sourceTree = "<group>"; };
/* End PBXFileReference section */

/* Begin PBXGroup section */
		042314A455B1F4AD3BF0CE7C /* App */ = {
			isa = PBXGroup;
			children = (
				CE84ECAB108132F65C5726AA /* AppCommandConsumer.swift */,
				7E2DE82F59BAE0C0A0F6A72B /* AppCoordinator.swift */,
			);
			path = App;
			sourceTree = "<group>";
		};
		2C68EA3F33C625A344179C87 /* Support */ = {
			isa = PBXGroup;
			children = (
				861618ECF46ADCF5A5CCD913 /* V2Presentation.swift */,
			);
			path = Support;
			sourceTree = "<group>";
		};
		40260A02720B2AE9542442DC /* V2 */ = {
			isa = PBXGroup;
			children = (
				6F2BF0D883BB82E4F222B18F /* ActionRequest.swift */,
				60D60D01FC213AD8FB0CCAE8 /* ActionRequestStore.swift */,
				C0D76FA53C587B1F687CDF04 /* ContextResolver.swift */,
				CA674EA4663C932B6487162B /* ProductModels.swift */,
				01613F22FE5A24215DDAFC8E /* SafeFileCreation.swift */,
				61D5893CD1498A110E81BC2E /* V2ConfigurationStore.swift */,
				C65A2E54771E068D7BD23457 /* V2Constants.swift */,
			);
			name = V2;
			path = Shared/V2;
			sourceTree = "<group>";
		};
		4249283E23D8E8AD0CB04C1C = {
			isa = PBXGroup;
			children = (
				707B26AEF3AC3E18E4ABE5E5 /* FinderExtension */,
				BBAC27612A08D074B8D2B7BD /* MainApp */,
				89FABAFF65FA035A897C610A /* Tests */,
				40260A02720B2AE9542442DC /* V2 */,
				BF5FA5EF2B0D9B12919317F7 /* Products */,
			);
			sourceTree = "<group>";
		};
		45DC928931F360536912FB78 /* V2 */ = {
			isa = PBXGroup;
			children = (
				960D6B867899A1165B535BB9 /* RootView.swift */,
				042314A455B1F4AD3BF0CE7C /* App */,
				821C1630D864E2DA982C9153 /* NewFile */,
				96C3AE6668EB2A49E621CB38 /* Onboarding */,
				C8E8D960F86F6CC5C5DDCF98 /* Services */,
				EE4AD82A026CC41C9A4A93DB /* Settings */,
				2C68EA3F33C625A344179C87 /* Support */,
			);
			path = V2;
			sourceTree = "<group>";
		};
		707B26AEF3AC3E18E4ABE5E5 /* FinderExtension */ = {
			isa = PBXGroup;
			children = (
				2F9AFD75A0D38D2A51FD2AC3 /* FinderSync.swift */,
			);
			path = FinderExtension;
			sourceTree = "<group>";
		};
		821C1630D864E2DA982C9153 /* NewFile */ = {
			isa = PBXGroup;
			children = (
				6F2E7C864098585F0618B22E /* NewFilePanel.swift */,
			);
			path = NewFile;
			sourceTree = "<group>";
		};
		89FABAFF65FA035A897C610A /* Tests */ = {
			isa = PBXGroup;
			children = (
				9A6183DE06BDFE5449F8ADB3 /* Extensions */,
				F5D2F646735A183BC0267A4A /* V2 */,
			);
			path = Tests;
			sourceTree = "<group>";
		};
		96C3AE6668EB2A49E621CB38 /* Onboarding */ = {
			isa = PBXGroup;
			children = (
				F1B220494AE56BB44C06505B /* OnboardingView.swift */,
			);
			path = Onboarding;
			sourceTree = "<group>";
		};
		9A6183DE06BDFE5449F8ADB3 /* Extensions */ = {
			isa = PBXGroup;
			children = (
				0DBA2D73DD190E9A3FB61DAF /* FinderSyncActionContractTests.swift */,
			);
			path = Extensions;
			sourceTree = "<group>";
		};
		BBAC27612A08D074B8D2B7BD /* MainApp */ = {
			isa = PBXGroup;
			children = (
				D621ABC6C36FBCE6A985B879 /* App.swift */,
				57702B3E48AF193DD412BD5B /* Assets.xcassets */,
				E52802E8A01DACF739F77887 /* Info.plist */,
				C8D31EDB7CAA5A8039A438D4 /* RightMenuMaster.entitlements */,
				45DC928931F360536912FB78 /* V2 */,
			);
			path = MainApp;
			sourceTree = "<group>";
		};
		BF5FA5EF2B0D9B12919317F7 /* Products */ = {
			isa = PBXGroup;
			children = (
				7A09F14861A9B665C597C04A /* FinderExtension.appex */,
				013A344BAA856F87549A3892 /* RightMenuMaster.app */,
				2A862C4D93480227A65B120F /* RightMenuMasterTests.xctest */,
			);
			name = Products;
			sourceTree = "<group>";
		};
		C8E8D960F86F6CC5C5DDCF98 /* Services */ = {
			isa = PBXGroup;
			children = (
				B8D03F0B898BC9284DC9EEFD /* ApplicationCatalog.swift */,
				AD58508AA69515D530DEB54B /* IntegrationHealthService.swift */,
				63541EE779D468BAA5640838 /* NativeApplicationLauncher.swift */,
				146770DD19564DD5222416CC /* SecurityScopedFolderGrantStore.swift */,
			);
			path = Services;
			sourceTree = "<group>";
		};
		EE4AD82A026CC41C9A4A93DB /* Settings */ = {
			isa = PBXGroup;
			children = (
				440FA24A53360C1C890E71F0 /* SettingsView.swift */,
			);
			path = Settings;
			sourceTree = "<group>";
		};
		F5D2F646735A183BC0267A4A /* V2 */ = {
			isa = PBXGroup;
			children = (
				60543F00608E95A437637CF4 /* ActionRequestV2Tests.swift */,
				3FCB733A63D32EC442B0F3D8 /* ContextResolverV2Tests.swift */,
				1023900EDB1B1C4E3A8919DC /* ProductModelsV2Tests.swift */,
				DED6EE2F13EEB695CCD9612C /* SafeFileCreationV2Tests.swift */,
				77AF9BD31FD7535F22C823C7 /* SecurityScopedFolderGrantStoreTests.swift */,
			);
			path = V2;
			sourceTree = "<group>";
		};
/* End PBXGroup section */

/* Begin PBXNativeTarget section */
		2B2B7968668A1FDB71532868 /* RightMenuMaster */ = {
			isa = PBXNativeTarget;
			buildConfigurationList = 049C03CF6A8E34210C4AF20B /* Build configuration list for PBXNativeTarget "RightMenuMaster" */;
			buildPhases = (
				DE1F2BA83933636F0E396154 /* SwiftLint */,
				5FEB2B929835D5832B7D401A /* Sources */,
				963F74E0746FEDE3B4B71EBA /* Resources */,
				83DA60EA72CC1C544BFD8542 /* Embed Foundation Extensions */,
			);
			buildRules = (
			);
			dependencies = (
				6F0DDBD5169CFD120AA173C8 /* PBXTargetDependency */,
			);
			name = RightMenuMaster;
			packageProductDependencies = (
			);
			productName = RightMenuMaster;
			productReference = 013A344BAA856F87549A3892 /* RightMenuMaster.app */;
			productType = "com.apple.product-type.application";
		};
		9C663BDF8914C2DF46240D74 /* RightMenuMasterTests */ = {
			isa = PBXNativeTarget;
			buildConfigurationList = BF490BA645C140D45494FF8C /* Build configuration list for PBXNativeTarget "RightMenuMasterTests" */;
			buildPhases = (
				38237554D04412D0DF8A2475 /* Sources */,
			);
			buildRules = (
			);
			dependencies = (
				238B093A8BDF9D6A1F41DDF9 /* PBXTargetDependency */,
			);
			name = RightMenuMasterTests;
			packageProductDependencies = (
			);
			productName = RightMenuMasterTests;
			productReference = 2A862C4D93480227A65B120F /* RightMenuMasterTests.xctest */;
			productType = "com.apple.product-type.bundle.unit-test";
		};
		B6BB3709801B92583B5CFAF4 /* FinderExtension */ = {
			isa = PBXNativeTarget;
			buildConfigurationList = AED4ED66664DF32C0FAA50E3 /* Build configuration list for PBXNativeTarget "FinderExtension" */;
			buildPhases = (
				B0CEF40D3AF910F18AEFF791 /* Sources */,
			);
			buildRules = (
			);
			dependencies = (
			);
			name = FinderExtension;
			packageProductDependencies = (
			);
			productName = FinderExtension;
			productReference = 7A09F14861A9B665C597C04A /* FinderExtension.appex */;
			productType = "com.apple.product-type.app-extension";
		};
/* End PBXNativeTarget section */

/* Begin PBXProject section */
		21E39FB2778F8B6E075F38CA /* Project object */ = {
			isa = PBXProject;
			attributes = {
				BuildIndependentTargetsInParallel = YES;
				LastUpgradeCheck = 2600;
				TargetAttributes = {
				};
			};
			buildConfigurationList = 48E10769241930CAD8267DE9 /* Build configuration list for PBXProject "RightMenuMaster" */;
			developmentRegion = en;
			hasScannedForEncodings = 0;
			knownRegions = (
				Base,
				en,
			);
			mainGroup = 4249283E23D8E8AD0CB04C1C;
			minimizedProjectReferenceProxies = 1;
			preferredProjectObjectVersion = 77;
			productRefGroup = BF5FA5EF2B0D9B12919317F7 /* Products */;
			projectDirPath = "";
			projectRoot = "";
			targets = (
				B6BB3709801B92583B5CFAF4 /* FinderExtension */,
				2B2B7968668A1FDB71532868 /* RightMenuMaster */,
				9C663BDF8914C2DF46240D74 /* RightMenuMasterTests */,
			);
		};
/* End PBXProject section */

/* Begin PBXResourcesBuildPhase section */
		963F74E0746FEDE3B4B71EBA /* Resources */ = {
			isa = PBXResourcesBuildPhase;
			buildActionMask = 2147483647;
			files = (
				D269679FC816211D75EFCE5B /* Assets.xcassets in Resources */,
			);
			runOnlyForDeploymentPostprocessing = 0;
		};
/* End PBXResourcesBuildPhase section */

/* Begin PBXShellScriptBuildPhase section */
		DE1F2BA83933636F0E396154 /* SwiftLint */ = {
			isa = PBXShellScriptBuildPhase;
			alwaysOutOfDate = 1;
			buildActionMask = 2147483647;
			files = (
			);
			inputFileListPaths = (
			);
			inputPaths = (
			);
			name = SwiftLint;
			outputFileListPaths = (
			);
			outputPaths = (
			);
			runOnlyForDeploymentPostprocessing = 0;
			shellPath = /bin/sh;
			shellScript = "if which swiftlint >/dev/null; then\n  swiftlint\nfi\n";
		};
/* End PBXShellScriptBuildPhase section */

/* Begin PBXSourcesBuildPhase section */
		38237554D04412D0DF8A2475 /* Sources */ = {
			isa = PBXSourcesBuildPhase;
			buildActionMask = 2147483647;
			files = (
				290BF7FB32DD177F590431D7 /* ActionRequestV2Tests.swift in Sources */,
				80A17D26B828E9099DDB1673 /* ContextResolverV2Tests.swift in Sources */,
				6B3DCC23B23DB00C32A1EE2A /* FinderSyncActionContractTests.swift in Sources */,
				3440C9941DA234A35C21C75F /* ProductModelsV2Tests.swift in Sources */,
				AAAAF0937E5A94FB4D366FEA /* SafeFileCreationV2Tests.swift in Sources */,
				0534370D63CFBAA9BBBA6F8C /* SecurityScopedFolderGrantStoreTests.swift in Sources */,
			);
			runOnlyForDeploymentPostprocessing = 0;
		};
		5FEB2B929835D5832B7D401A /* Sources */ = {
			isa = PBXSourcesBuildPhase;
			buildActionMask = 2147483647;
			files = (
				DFE3454D70634EF80DE18A91 /* ActionRequest.swift in Sources */,
				560B2F8D62AA8F056B2A9949 /* ActionRequestStore.swift in Sources */,
				537F5A8E28E086FDDC232F9A /* App.swift in Sources */,
				32462CCCEC3F153EFDB195A3 /* AppCommandConsumer.swift in Sources */,
				506FC0B93180DC3C51AD2BC5 /* AppCoordinator.swift in Sources */,
				978446F7749FBA7B48550CF5 /* ApplicationCatalog.swift in Sources */,
				2DF746FC75B8DD819493CB02 /* ContextResolver.swift in Sources */,
				FA81AF15497041D20D15A33E /* IntegrationHealthService.swift in Sources */,
				A2EC84901FB9A76FBF38A04E /* NativeApplicationLauncher.swift in Sources */,
				8A24CC1142A0A2B3608E4AF3 /* NewFilePanel.swift in Sources */,
				12FF435E7C1D76A7759DB11F /* OnboardingView.swift in Sources */,
				BAF61E8A5497FB49844E03B9 /* ProductModels.swift in Sources */,
				0473B94051245FC271CD831A /* RootView.swift in Sources */,
				53974E618C63CB7391AA6ECF /* SafeFileCreation.swift in Sources */,
				5275D094A29B995D139FC728 /* SecurityScopedFolderGrantStore.swift in Sources */,
				1510CA375F0AE31E0984063C /* SettingsView.swift in Sources */,
				83EF02BEE2AB52E49021AD59 /* V2ConfigurationStore.swift in Sources */,
				0ECE6BAE18DA020BEBA6C070 /* V2Constants.swift in Sources */,
				9F706E83AD326465E689AF0F /* V2Presentation.swift in Sources */,
			);
			runOnlyForDeploymentPostprocessing = 0;
		};
		B0CEF40D3AF910F18AEFF791 /* Sources */ = {
			isa = PBXSourcesBuildPhase;
			buildActionMask = 2147483647;
			files = (
				800E99AF010D29042B0C145B /* ActionRequest.swift in Sources */,
				4475482B982533DE92656121 /* ActionRequestStore.swift in Sources */,
				BEC4DD7D34905F524DB261D7 /* ContextResolver.swift in Sources */,
				446EC16537691B30479799B4 /* FinderSync.swift in Sources */,
				7504D9FD271F994DC1E7BEB1 /* ProductModels.swift in Sources */,
				002D3AD1565C206B5BB3683F /* V2ConfigurationStore.swift in Sources */,
				5AB3839659DAFF1A9E7AC761 /* V2Constants.swift in Sources */,
			);
			runOnlyForDeploymentPostprocessing = 0;
		};
/* End PBXSourcesBuildPhase section */

/* Begin PBXTargetDependency section */
		238B093A8BDF9D6A1F41DDF9 /* PBXTargetDependency */ = {
			isa = PBXTargetDependency;
			target = 2B2B7968668A1FDB71532868 /* RightMenuMaster */;
			targetProxy = 2586D7F614E5FDCCC8E655C1 /* PBXContainerItemProxy */;
		};
		6F0DDBD5169CFD120AA173C8 /* PBXTargetDependency */ = {
			isa = PBXTargetDependency;
			target = B6BB3709801B92583B5CFAF4 /* FinderExtension */;
			targetProxy = A55B36B31422C5A111C55EFE /* PBXContainerItemProxy */;
		};
/* End PBXTargetDependency section */

/* Begin XCBuildConfiguration section */
		0319C30DAC6DAE34F29B099F /* Debug */ = {
			isa = XCBuildConfiguration;
			buildSettings = {
				ASSETCATALOG_COMPILER_APPICON_NAME = AppIcon;
				CODE_SIGN_ENTITLEMENTS = MainApp/RightMenuMaster.entitlements;
				COMBINE_HIDPI_IMAGES = YES;
				ENABLE_HARDENED_RUNTIME = YES;
				GENERATE_INFOPLIST_FILE = NO;
				INFOPLIST_FILE = MainApp/Info.plist;
				LD_RUNPATH_SEARCH_PATHS = (
					"$(inherited)",
					"@executable_path/../Frameworks",
				);
				PRODUCT_BUNDLE_IDENTIFIER = io.github.syjia06.rightclickmaster.dev;
				SDKROOT = macosx;
			};
			name = Debug;
		};
		13F34A84BD3A56D1D77C9EF3 /* Release */ = {
			isa = XCBuildConfiguration;
			buildSettings = {
				CODE_SIGN_ENTITLEMENTS = FinderExtension/FinderExtension.entitlements;
				COMBINE_HIDPI_IMAGES = YES;
				ENABLE_HARDENED_RUNTIME = YES;
				GENERATE_INFOPLIST_FILE = NO;
				INFOPLIST_FILE = FinderExtension/Info.plist;
				LD_RUNPATH_SEARCH_PATHS = (
					"$(inherited)",
					"@executable_path/../Frameworks",
					"@executable_path/../../../../Frameworks",
				);
				PRODUCT_BUNDLE_IDENTIFIER = io.github.syjia06.rightclickmaster.finder;
				SDKROOT = macosx;
			};
			name = Release;
		};
		1E84EFA255A3DF3FCCD6DFBD /* Release */ = {
			isa = XCBuildConfiguration;
			buildSettings = {
				ALWAYS_SEARCH_USER_PATHS = NO;
				CLANG_ANALYZER_NONNULL = YES;
				CLANG_ANALYZER_NUMBER_OBJECT_CONVERSION = YES_AGGRESSIVE;
				CLANG_CXX_LANGUAGE_STANDARD = "gnu++14";
				CLANG_CXX_LIBRARY = "libc++";
				CLANG_ENABLE_MODULES = YES;
				CLANG_ENABLE_OBJC_ARC = YES;
				CLANG_ENABLE_OBJC_WEAK = YES;
				CLANG_WARN_BLOCK_CAPTURE_AUTORELEASING = YES;
				CLANG_WARN_BOOL_CONVERSION = YES;
				CLANG_WARN_COMMA = YES;
				CLANG_WARN_CONSTANT_CONVERSION = YES;
				CLANG_WARN_DEPRECATED_OBJC_IMPLEMENTATIONS = YES;
				CLANG_WARN_DIRECT_OBJC_ISA_USAGE = YES_ERROR;
				CLANG_WARN_DOCUMENTATION_COMMENTS = YES;
				CLANG_WARN_EMPTY_BODY = YES;
				CLANG_WARN_ENUM_CONVERSION = YES;
				CLANG_WARN_INFINITE_RECURSION = YES;
				CLANG_WARN_INT_CONVERSION = YES;
				CLANG_WARN_NON_LITERAL_NULL_CONVERSION = YES;
				CLANG_WARN_OBJC_IMPLICIT_RETAIN_SELF = YES;
				CLANG_WARN_OBJC_LITERAL_CONVERSION = YES;
				CLANG_WARN_OBJC_ROOT_CLASS = YES_ERROR;
				CLANG_WARN_QUOTED_INCLUDE_IN_FRAMEWORK_HEADER = YES;
				CLANG_WARN_RANGE_LOOP_ANALYSIS = YES;
				CLANG_WARN_STRICT_PROTOTYPES = YES;
				CLANG_WARN_SUSPICIOUS_MOVE = YES;
				CLANG_WARN_UNGUARDED_AVAILABILITY = YES_AGGRESSIVE;
				CLANG_WARN_UNREACHABLE_CODE = YES;
				CLANG_WARN__DUPLICATE_METHOD_MATCH = YES;
				COPY_PHASE_STRIP = NO;
				CURRENT_PROJECT_VERSION = 2;
				DEAD_CODE_STRIPPING = YES;
				DEBUG_INFORMATION_FORMAT = "dwarf-with-dsym";
				ENABLE_HARDENED_RUNTIME = YES;
				ENABLE_NS_ASSERTIONS = NO;
				ENABLE_STRICT_OBJC_MSGSEND = YES;
				GCC_C_LANGUAGE_STANDARD = gnu11;
				GCC_NO_COMMON_BLOCKS = YES;
				GCC_WARN_64_TO_32_BIT_CONVERSION = YES;
				GCC_WARN_ABOUT_RETURN_TYPE = YES_ERROR;
				GCC_WARN_UNDECLARED_SELECTOR = YES;
				GCC_WARN_UNINITIALIZED_AUTOS = YES_AGGRESSIVE;
				GCC_WARN_UNUSED_FUNCTION = YES;
				GCC_WARN_UNUSED_VARIABLE = YES;
				MACOSX_DEPLOYMENT_TARGET = 14.5;
				MARKETING_VERSION = "2.0.0-beta.3";
				MTL_ENABLE_DEBUG_INFO = NO;
				MTL_FAST_MATH = YES;
				PRODUCT_NAME = "$(TARGET_NAME)";
				RCM_APP_GROUP = "$(DEVELOPMENT_TEAM).io.github.syjia06.rightclickmaster.shared";
				RCM_URL_SCHEME = rightclickmaster;
				SDKROOT = macosx;
				SWIFT_COMPILATION_MODE = wholemodule;
				SWIFT_OPTIMIZATION_LEVEL = "-O";
				SWIFT_VERSION = 5.9;
			};
			name = Release;
		};
		22C465ABE166AE239E7C7F6B /* Release */ = {
			isa = XCBuildConfiguration;
			buildSettings = {
				BUNDLE_LOADER = "$(TEST_HOST)";
				COMBINE_HIDPI_IMAGES = YES;
				GENERATE_INFOPLIST_FILE = YES;
				LD_RUNPATH_SEARCH_PATHS = (
					"$(inherited)",
					"@executable_path/../Frameworks",
					"@loader_path/../Frameworks",
				);
				PRODUCT_BUNDLE_IDENTIFIER = io.github.syjia06.rightclickmaster.tests;
				SDKROOT = macosx;
				TEST_HOST = "$(BUILT_PRODUCTS_DIR)/RightMenuMaster.app/Contents/MacOS/RightMenuMaster";
			};
			name = Release;
		};
		471340596A7193E490A363C8 /* Debug */ = {
			isa = XCBuildConfiguration;
			buildSettings = {
				ALWAYS_SEARCH_USER_PATHS = NO;
				CLANG_ANALYZER_NONNULL = YES;
				CLANG_ANALYZER_NUMBER_OBJECT_CONVERSION = YES_AGGRESSIVE;
				CLANG_CXX_LANGUAGE_STANDARD = "gnu++14";
				CLANG_CXX_LIBRARY = "libc++";
				CLANG_ENABLE_MODULES = YES;
				CLANG_ENABLE_OBJC_ARC = YES;
				CLANG_ENABLE_OBJC_WEAK = YES;
				CLANG_WARN_BLOCK_CAPTURE_AUTORELEASING = YES;
				CLANG_WARN_BOOL_CONVERSION = YES;
				CLANG_WARN_COMMA = YES;
				CLANG_WARN_CONSTANT_CONVERSION = YES;
				CLANG_WARN_DEPRECATED_OBJC_IMPLEMENTATIONS = YES;
				CLANG_WARN_DIRECT_OBJC_ISA_USAGE = YES_ERROR;
				CLANG_WARN_DOCUMENTATION_COMMENTS = YES;
				CLANG_WARN_EMPTY_BODY = YES;
				CLANG_WARN_ENUM_CONVERSION = YES;
				CLANG_WARN_INFINITE_RECURSION = YES;
				CLANG_WARN_INT_CONVERSION = YES;
				CLANG_WARN_NON_LITERAL_NULL_CONVERSION = YES;
				CLANG_WARN_OBJC_IMPLICIT_RETAIN_SELF = YES;
				CLANG_WARN_OBJC_LITERAL_CONVERSION = YES;
				CLANG_WARN_OBJC_ROOT_CLASS = YES_ERROR;
				CLANG_WARN_QUOTED_INCLUDE_IN_FRAMEWORK_HEADER = YES;
				CLANG_WARN_RANGE_LOOP_ANALYSIS = YES;
				CLANG_WARN_STRICT_PROTOTYPES = YES;
				CLANG_WARN_SUSPICIOUS_MOVE = YES;
				CLANG_WARN_UNGUARDED_AVAILABILITY = YES_AGGRESSIVE;
				CLANG_WARN_UNREACHABLE_CODE = YES;
				CLANG_WARN__DUPLICATE_METHOD_MATCH = YES;
				COPY_PHASE_STRIP = NO;
				CURRENT_PROJECT_VERSION = 2;
				DEAD_CODE_STRIPPING = YES;
				DEBUG_INFORMATION_FORMAT = dwarf;
				ENABLE_HARDENED_RUNTIME = YES;
				ENABLE_STRICT_OBJC_MSGSEND = YES;
				ENABLE_TESTABILITY = YES;
				GCC_C_LANGUAGE_STANDARD = gnu11;
				GCC_DYNAMIC_NO_PIC = NO;
				GCC_NO_COMMON_BLOCKS = YES;
				GCC_OPTIMIZATION_LEVEL = 0;
				GCC_PREPROCESSOR_DEFINITIONS = (
					"$(inherited)",
					"DEBUG=1",
				);
				GCC_WARN_64_TO_32_BIT_CONVERSION = YES;
				GCC_WARN_ABOUT_RETURN_TYPE = YES_ERROR;
				GCC_WARN_UNDECLARED_SELECTOR = YES;
				GCC_WARN_UNINITIALIZED_AUTOS = YES_AGGRESSIVE;
				GCC_WARN_UNUSED_FUNCTION = YES;
				GCC_WARN_UNUSED_VARIABLE = YES;
				MACOSX_DEPLOYMENT_TARGET = 14.5;
				MARKETING_VERSION = "2.0.0-beta.3";
				MTL_ENABLE_DEBUG_INFO = INCLUDE_SOURCE;
				MTL_FAST_MATH = YES;
				ONLY_ACTIVE_ARCH = YES;
				PRODUCT_NAME = "$(TARGET_NAME)";
				RCM_APP_GROUP = "$(DEVELOPMENT_TEAM).io.github.syjia06.rightclickmaster.dev.shared";
				RCM_URL_SCHEME = "rightclickmaster-dev";
				SDKROOT = macosx;
				SWIFT_ACTIVE_COMPILATION_CONDITIONS = DEBUG;
				SWIFT_OPTIMIZATION_LEVEL = "-Onone";
				SWIFT_VERSION = 5.9;
			};
			name = Debug;
		};
		9672495A0E2DDED86B6DE1CA /* Debug */ = {
			isa = XCBuildConfiguration;
			buildSettings = {
				BUNDLE_LOADER = "$(TEST_HOST)";
				COMBINE_HIDPI_IMAGES = YES;
				GENERATE_INFOPLIST_FILE = YES;
				LD_RUNPATH_SEARCH_PATHS = (
					"$(inherited)",
					"@executable_path/../Frameworks",
					"@loader_path/../Frameworks",
				);
				PRODUCT_BUNDLE_IDENTIFIER = io.github.syjia06.rightclickmaster.dev.tests;
				SDKROOT = macosx;
				TEST_HOST = "$(BUILT_PRODUCTS_DIR)/RightMenuMaster.app/Contents/MacOS/RightMenuMaster";
			};
			name = Debug;
		};
		C1F98B06C8C09AEC88E3DA7D /* Debug */ = {
			isa = XCBuildConfiguration;
			buildSettings = {
				CODE_SIGN_ENTITLEMENTS = FinderExtension/FinderExtension.entitlements;
				COMBINE_HIDPI_IMAGES = YES;
				ENABLE_HARDENED_RUNTIME = YES;
				GENERATE_INFOPLIST_FILE = NO;
				INFOPLIST_FILE = FinderExtension/Info.plist;
				LD_RUNPATH_SEARCH_PATHS = (
					"$(inherited)",
					"@executable_path/../Frameworks",
					"@executable_path/../../../../Frameworks",
				);
				PRODUCT_BUNDLE_IDENTIFIER = io.github.syjia06.rightclickmaster.dev.finder;
				SDKROOT = macosx;
			};
			name = Debug;
		};
		F1AA4FAC5D836DAF56F16583 /* Release */ = {
			isa = XCBuildConfiguration;
			buildSettings = {
				ASSETCATALOG_COMPILER_APPICON_NAME = AppIcon;
				CODE_SIGN_ENTITLEMENTS = MainApp/RightMenuMaster.entitlements;
				COMBINE_HIDPI_IMAGES = YES;
				ENABLE_HARDENED_RUNTIME = YES;
				GENERATE_INFOPLIST_FILE = NO;
				INFOPLIST_FILE = MainApp/Info.plist;
				LD_RUNPATH_SEARCH_PATHS = (
					"$(inherited)",
					"@executable_path/../Frameworks",
				);
				PRODUCT_BUNDLE_IDENTIFIER = io.github.syjia06.rightclickmaster;
				SDKROOT = macosx;
			};
			name = Release;
		};
/* End XCBuildConfiguration section */

/* Begin XCConfigurationList section */
		049C03CF6A8E34210C4AF20B /* Build configuration list for PBXNativeTarget "RightMenuMaster" */ = {
			isa = XCConfigurationList;
			buildConfigurations = (
				0319C30DAC6DAE34F29B099F /* Debug */,
				F1AA4FAC5D836DAF56F16583 /* Release */,
			);
			defaultConfigurationIsVisible = 0;
			defaultConfigurationName = Debug;
		};
		48E10769241930CAD8267DE9 /* Build configuration list for PBXProject "RightMenuMaster" */ = {
			isa = XCConfigurationList;
			buildConfigurations = (
				471340596A7193E490A363C8 /* Debug */,
				1E84EFA255A3DF3FCCD6DFBD /* Release */,
			);
			defaultConfigurationIsVisible = 0;
			defaultConfigurationName = Debug;
		};
		AED4ED66664DF32C0FAA50E3 /* Build configuration list for PBXNativeTarget "FinderExtension" */ = {
			isa = XCConfigurationList;
			buildConfigurations = (
				C1F98B06C8C09AEC88E3DA7D /* Debug */,
				13F34A84BD3A56D1D77C9EF3 /* Release */,
			);
			defaultConfigurationIsVisible = 0;
			defaultConfigurationName = Debug;
		};
		BF490BA645C140D45494FF8C /* Build configuration list for PBXNativeTarget "RightMenuMasterTests" */ = {
			isa = XCConfigurationList;
			buildConfigurations = (
				9672495A0E2DDED86B6DE1CA /* Debug */,
				22C465ABE166AE239E7C7F6B /* Release */,
			);
			defaultConfigurationIsVisible = 0;
			defaultConfigurationName = Debug;
		};
/* End XCConfigurationList section */
	};
	rootObject = 21E39FB2778F8B6E075F38CA /* Project object */;
}
